// !$*UTF8*$!
{
	archiveVersion = 1;
	classes = {
	};
	objectVersion = 50;
	objects = {

/* Begin PBXBuildFile section */
		C77C476720D4FCD600B066DE /* AppDelegate.swift in Sources */ = {isa = PBXBuildFile; fileRef = C77C476620D4FCD600B066DE /* AppDelegate.swift */; };
		C77C476920D4FCD600B066DE /* ViewController.swift in Sources */ = {isa = PBXBuildFile; fileRef = C77C476820D4FCD600B066DE /* ViewController.swift */; };
		C77C476C20D4FCD600B066DE /* Main.storyboard in Resources */ = {isa = PBXBuildFile; fileRef = C77C476A20D4FCD600B066DE /* Main.storyboard */; };
		C77C476E20D4FCDF00B066DE /* Assets.xcassets in Resources */ = {isa = PBXBuildFile; fileRef = C77C476D20D4FCDF00B066DE /* Assets.xcassets */; };
		C77C477120D4FCDF00B066DE /* LaunchScreen.storyboard in Resources */ = {isa = PBXBuildFile; fileRef = C77C476F20D4FCDF00B066DE /* LaunchScreen.storyboard */; };
		C77C477B20D4FE5A00B066DE /* Cartfile in Resources */ = {isa = PBXBuildFile; fileRef = C77C477A20D4FE5A00B066DE /* Cartfile */; };
/* End PBXBuildFile section */

/* Begin PBXFileReference section */
		C77C476320D4FCD600B066DE /* RxSwiftByExample.app */ = {isa = PBXFileReference; explicitFileType = wrapper.application; includeInIndex = 0; path = RxSwiftByExample.app; sourceTree = BUILT_PRODUCTS_DIR; };
		C77C476620D4FCD600B066DE /* AppDelegate.swift */ = {isa = PBXFileReference; lastKnownFileType = sourcecode.swift; path = AppDelegate.swift; sourceTree = "<group>"; };
		C77C476820D4FCD600B066DE /* ViewController.swift */ = {isa = PBXFileReference; lastKnownFileType = sourcecode.swift; path = ViewController.swift; sourceTree = "<group>"; };
		C77C476B20D4FCD600B066DE /* Base */ = {isa = PBXFileReference; lastKnownFileType = file.storyboard; name = Base; path = Base.lproj/Main.storyboard; sourceTree = "<group>"; };
		C77C476D20D4FCDF00B066DE /* Assets.xcassets */ = {isa = PBXFileReference; lastKnownFileType = folder.assetcatalog; path = Assets.xcassets; sourceTree = "<group>"; };
		C77C477020D4FCDF00B066DE /* Base */ = {isa = PBXFileReference; lastKnownFileType = file.storyboard; name = Base; path = Base.lproj/LaunchScreen.storyboard; sourceTree = "<group>"; };
		C77C477220D4FCDF00B066DE /* Info.plist */ = {isa = PBXFileReference; lastKnownFileType = text.plist.xml; path = Info.plist; sourceTree = "<group>"; };
		C77C477A20D4FE5A00B066DE /* Cartfile */ = {isa = PBXFileReference; fileEncoding = 4; lastKnownFileType = text; name = Cartfile; path = ../../Cartfile; sourceTree = "<group>"; };
/* End PBXFileReference section */

/* Begin PBXFrameworksBuildPhase section */
		C77C476020D4FCD600B066DE /* Frameworks */ = {
			isa = PBXFrameworksBuildPhase;
			buildActionMask = 2147483647;
			files = (
			);
			runOnlyForDeploymentPostprocessing = 0;
		};
/* End PBXFrameworksBuildPhase section */

/* Begin PBXGroup section */
		C77C475A20D4FCD600B066DE = {
			isa = PBXGroup;
			children = (
				C77C477820D4FE2700B066DE /* Config */,
				C77C477920D4FE3100B066DE /* Dependencies */,
				C77C476520D4FCD600B066DE /* RxSwiftByExample */,
				C77C476420D4FCD600B066DE /* Products */,
			);
			sourceTree = "<group>";
		};
		C77C476420D4FCD600B066DE /* Products */ = {
			isa = PBXGroup;
			children = (
				C77C476320D4FCD600B066DE /* RxSwiftByExample.app */,
			);
			name = Products;
			sourceTree = "<group>";
		};
		C77C476520D4FCD600B066DE /* RxSwiftByExample */ = {
			isa = PBXGroup;
			children = (
				C77C476620D4FCD600B066DE /* AppDelegate.swift */,
				C77C476820D4FCD600B066DE /* ViewController.swift */,
				C77C476A20D4FCD600B066DE /* Main.storyboard */,
				C77C476D20D4FCDF00B066DE /* Assets.xcassets */,
				C77C476F20D4FCDF00B066DE /* LaunchScreen.storyboard */,
				C77C477220D4FCDF00B066DE /* Info.plist */,
			);
			path = RxSwiftByExample;
			sourceTree = "<group>";
		};
		C77C477820D4FE2700B066DE /* Config */ = {
			isa = PBXGroup;
			children = (
				C77C477A20D4FE5A00B066DE /* Cartfile */,
			);
			path = Config;
			sourceTree = "<group>";
		};
		C77C477920D4FE3100B066DE /* Dependencies */ = {
			isa = PBXGroup;
			children = (
			);
			path = Dependencies;
			sourceTree = "<group>";
		};
/* End PBXGroup section */

/* Begin PBXNativeTarget section */
		C77C476220D4FCD600B066DE /* RxSwiftByExample */ = {
			isa = PBXNativeTarget;
			buildConfigurationList = C77C477520D4FCDF00B066DE /* Build configuration list for PBXNativeTarget "RxSwiftByExample" */;
			buildPhases = (
				C77C475F20D4FCD600B066DE /* Sources */,
				C77C476020D4FCD600B066DE /* Frameworks */,
				C77C476120D4FCD600B066DE /* Resources */,
			);
			buildRules = (
			);
			dependencies = (
			);
			name = RxSwiftByExample;
			productName = RxSwiftByExample;
			productReference = C77C476320D4FCD600B066DE /* RxSwiftByExample.app */;
			productType = "com.apple.product-type.application";
		};
/* End PBXNativeTarget section */

/* Begin PBXProject section */
		C77C475B20D4FCD600B066DE /* Project object */ = {
			isa = PBXProject;
			attributes = {
				LastSwiftUpdateCheck = 0940;
				LastUpgradeCheck = 0940;
				ORGANIZATIONNAME = "Geo Games";
				TargetAttributes = {
					C77C476220D4FCD600B066DE = {
						CreatedOnToolsVersion = 9.4.1;
					};
				};
			};
			buildConfigurationList = C77C475E20D4FCD600B066DE /* Build configuration list for PBXProject "RxSwiftByExample" */;
			compatibilityVersion = "Xcode 9.3";
			developmentRegion = en;
			hasScannedForEncodings = 0;
			knownRegions = (
				en,
				Base,
			);
			mainGroup = C77C475A20D4FCD600B066DE;
			productRefGroup = C77C476420D4FCD600B066DE /* Products */;
			projectDirPath = "";
			projectRoot = "";
			targets = (
				C77C476220D4FCD600B066DE /* RxSwiftByExample */,
			);
		};
/* End PBXProject section */

/* Begin PBXResourcesBuildPhase section */
		C77C476120D4FCD600B066DE /* Resources */ = {
			isa = PBXResourcesBuildPhase;
			buildActionMask = 2147483647;
			files = (
				C77C477120D4FCDF00B066DE /* LaunchScreen.storyboard in Resources */,
				C77C476E20D4FCDF00B066DE /* Assets.xcassets in Resources */,
				C77C477B20D4FE5A00B066DE /* Cartfile in Resources */,
				C77C476C20D4FCD600B066DE /* Main.storyboard in Resources */,
			);
			runOnlyForDeploymentPostprocessing = 0;
		};
/* End PBXResourcesBuildPhase section */

/* Begin PBXSourcesBuildPhase section */
		C77C475F20D4FCD600B066DE /* Sources */ = {
			isa = PBXSourcesBuildPhase;
			buildActionMask = 2147483647;
			files = (
				C77C476920D4FCD600B066DE /* ViewController.swift in Sources */,
				C77C476720D4FCD600B066DE /* AppDelegate.swift in Sources */,
			);
			runOnlyForDeploymentPostprocessing = 0;
		};
/* End PBXSourcesBuildPhase section */

/* Begin PBXVariantGroup section */
		C77C476A20D4FCD600B066DE /* Main.storyboard */ = {
			isa = PBXVariantGroup;
			children = (
				C77C476B20D4FCD600B066DE /* Base */,
			);
			name = Main.storyboard;
			sourceTree = "<group>";
		};
		C77C476F20D4FCDF00B066DE /* LaunchScreen.storyboard */ = {
			isa = PBXVariantGroup;
			children = (
				C77C477020D4FCDF00B066DE /* Base */,
			);
			name = LaunchScreen.storyboard;
			sourceTree = "<group>";
		};
/* End PBXVariantGroup section */

/* Begin XCBuildConfiguration section */
		C77C477320D4FCDF00B066DE /* Debug */ = {
			isa = XCBuildConfiguration;
			buildSettings = {
				ALWAYS_SEARCH_USER_PATHS = NO;
				CLANG_ANALYZER_NONNULL = YES;
				CLANG_ANALYZER_NUMBER_OBJECT_CONVERSION = YES_AGGRESSIVE;
				CLANG_CXX_LANGUAGE_STANDARD = "gnu++14";
				CLANG_CXX_LIBRARY = "libc++";
				CLANG_ENABLE_MODULES = YES;
				CLANG_ENABLE_OBJC_ARC = YES;
				CLANG_ENABLE_OBJC_WEAK = YES;
				CLANG_WARN_BLOCK_CAPTURE_AUTORELEASING = YES;
				CLANG_WARN_BOOL_CONVERSION = YES;
				CLANG_WARN_COMMA = YES;
				CLANG_WARN_CONSTANT_CONVERSION = YES;
				CLANG_WARN_DEPRECATED_OBJC_IMPLEMENTATIONS = YES;
				CLANG_WARN_DIRECT_OBJC_ISA_USAGE = YES_ERROR;
				CLANG_WARN_DOCUMENTATION_COMMENTS = YES;
				CLANG_WARN_EMPTY_BODY = YES;
				CLANG_WARN_ENUM_CONVERSION = YES;
				CLANG_WARN_INFINITE_RECURSION = YES;
				CLANG_WARN_INT_CONVERSION = YES;
				CLANG_WARN_NON_LITERAL_NULL_CONVERSION = YES;
				CLANG_WARN_OBJC_IMPLICIT_RETAIN_SELF = YES;
				CLANG_WARN_OBJC_LITERAL_CONVERSION = YES;
				CLANG_WARN_OBJC_ROOT_CLASS = YES_ERROR;
				CLANG_WARN_RANGE_LOOP_ANALYSIS = YES;
				CLANG_WARN_STRICT_PROTOTYPES = YES;
				CLANG_WARN_SUSPICIOUS_MOVE = YES;
				CLANG_WARN_UNGUARDED_AVAILABILITY = YES_AGGRESSIVE;
				CLANG_WARN_UNREACHABLE_CODE = YES;
				CLANG_WARN__DUPLICATE_METHOD_MATCH = YES;
				CODE_SIGN_IDENTITY = "iPhone Developer";
				COPY_PHASE_STRIP = NO;
				DEBUG_INFORMATION_FORMAT = dwarf;
				ENABLE_STRICT_OBJC_MSGSEND = YES;
				ENABLE_TESTABILITY = YES;
				GCC_C_LANGUAGE_STANDARD = gnu11;
				GCC_DYNAMIC_NO_PIC = NO;
				GCC_NO_COMMON_BLOCKS = YES;
				GCC_OPTIMIZATION_LEVEL = 0;
				GCC_PREPROCESSOR_DEFINITIONS = (
					"DEBUG=1",
					"$(inherited)",
				);
				GCC_WARN_64_TO_32_BIT_CONVERSION = YES;
				GCC_WARN_ABOUT_RETURN_TYPE = YES_ERROR;
				GCC_WARN_UNDECLARED_SELECTOR = YES;
				GCC_WARN_UNINITIALIZED_AUTOS = YES_AGGRESSIVE;
				GCC_WARN_UNUSED_FUNCTION = YES;
				GCC_WARN_UNUSED_VARIABLE = YES;
				IPHONEOS_DEPLOYMENT_TARGET = 11.4;
				MTL_ENABLE_DEBUG_INFO = YES;
				ONLY_ACTIVE_ARCH = YES;
				SDKROOT = iphoneos;
				SWIFT_ACTIVE_COMPILATION_CONDITIONS = DEBUG;
				SWIFT_OPTIMIZATION_LEVEL = "-Onone";
			};
			name = Debug;
		};
		C77C477420D4FCDF00B066DE /* Release */ = {
			isa = XCBuildConfiguration;
			buildSettings = {
				ALWAYS_SEARCH_USER_PATHS = NO;
				CLANG_ANALYZER_NONNULL = YES;
				CLANG_ANALYZER_NUMBER_OBJECT_CONVERSION = YES_AGGRESSIVE;
				CLANG_CXX_LANGUAGE_STANDARD = "gnu++14";
				CLANG_CXX_LIBRARY = "libc++";
				CLANG_ENABLE_MODULES = YES;
				CLANG_ENABLE_OBJC_ARC = YES;
				CLANG_ENABLE_OBJC_WEAK = YES;
				CLANG_WARN_BLOCK_CAPTURE_AUTORELEASING = YES;
				CLANG_WARN_BOOL_CONVERSION = YES;
				CLANG_WARN_COMMA = YES;
				CLANG_WARN_CONSTANT_CONVERSION = YES;
				CLANG_WARN_DEPRECATED_OBJC_IMPLEMENTATIONS = YES;
				CLANG_WARN_DIRECT_OBJC_ISA_USAGE = YES_ERROR;
				CLANG_WARN_DOCUMENTATION_COMMENTS = YES;
				CLANG_WARN_EMPTY_BODY = YES;
				CLANG_WARN_ENUM_CONVERSION = YES;
				CLANG_WARN_INFINITE_RECURSION = YES;
				CLANG_WARN_INT_CONVERSION = YES;
				CLANG_WARN_NON_LITERAL_NULL_CONVERSION = YES;
				CLANG_WARN_OBJC_IMPLICIT_RETAIN_SELF = YES;
				CLANG_WARN_OBJC_LITERAL_CONVERSION = YES;
				CLANG_WARN_OBJC_ROOT_CLASS = YES_ERROR;
				CLANG_WARN_RANGE_LOOP_ANALYSIS = YES;
				CLANG_WARN_STRICT_PROTOTYPES = YES;
				CLANG_WARN_SUSPICIOUS_MOVE = YES;
				CLANG_WARN_UNGUARDED_AVAILABILITY = YES_AGGRESSIVE;
				CLANG_WARN_UNREACHABLE_CODE = YES;
				CLANG_WARN__DUPLICATE_METHOD_MATCH = YES;
				CODE_SIGN_IDENTITY = "iPhone Developer";
				COPY_PHASE_STRIP = NO;
				DEBUG_INFORMATION_FORMAT = "dwarf-with-dsym";
				ENABLE_NS_ASSERTIONS = NO;
				ENABLE_STRICT_OBJC_MSGSEND = YES;
				GCC_C_LANGUAGE_STANDARD = gnu11;
				GCC_NO_COMMON_BLOCKS = YES;
				GCC_WARN_64_TO_32_BIT_CONVERSION = YES;
				GCC_WARN_ABOUT_RETURN_TYPE = YES_ERROR;
				GCC_WARN_UNDECLARED_SELECTOR = YES;
				GCC_WARN_UNINITIALIZED_AUTOS = YES_AGGRESSIVE;
				GCC_WARN_UNUSED_FUNCTION = YES;
				GCC_WARN_UNUSED_VARIABLE = YES;
				IPHONEOS_DEPLOYMENT_TARGET = 11.4;
				MTL_ENABLE_DEBUG_INFO = NO;
				SDKROOT = iphoneos;
				SWIFT_COMPILATION_MODE = wholemodule;
				SWIFT_OPTIMIZATION_LEVEL = "-O";
				VALIDATE_PRODUCT = YES;
			};
			name = Release;
		};
		C77C477620D4FCDF00B066DE /* Debug */ = {
			isa = XCBuildConfiguration;
			buildSettings = {
				ASSETCATALOG_COMPILER_APPICON_NAME = AppIcon;
				CODE_SIGN_STYLE = Automatic;
				INFOPLIST_FILE = RxSwiftByExample/Info.plist;
				LD_RUNPATH_SEARCH_PATHS = (
					"$(inherited)",
					"@executable_path/Frameworks",
				);
				PRODUCT_BUNDLE_IDENTIFIER = "com.geo-games.RxSwiftByExample";
				PRODUCT_NAME = "$(TARGET_NAME)";
				SWIFT_VERSION = 4.0;
				TARGETED_DEVICE_FAMILY = "1,2";
			};
			name = Debug;
		};
		C77C477720D4FCDF00B066DE /* Release */ = {
			isa = XCBuildConfiguration;
			buildSettings = {
				ASSETCATALOG_COMPILER_APPICON_NAME = AppIcon;
				CODE_SIGN_STYLE = Automatic;
				INFOPLIST_FILE = RxSwiftByExample/Info.plist;
				LD_RUNPATH_SEARCH_PATHS = (
					"$(inherited)",
					"@executable_path/Frameworks",
				);
				PRODUCT_BUNDLE_IDENTIFIER = "com.geo-games.RxSwiftByExample";
				PRODUCT_NAME = "$(TARGET_NAME)";
				SWIFT_VERSION = 4.0;
				TARGETED_DEVICE_FAMILY = "1,2";
			};
			name = Release;
		};
/* End XCBuildConfiguration section */

/* Begin XCConfigurationList section */
		C77C475E20D4FCD600B066DE /* Build configuration list for PBXProject "RxSwiftByExample" */ = {
			isa = XCConfigurationList;
			buildConfigurations = (
				C77C477320D4FCDF00B066DE /* Debug */,
				C77C477420D4FCDF00B066DE /* Release */,
			);
			defaultConfigurationIsVisible = 0;
			defaultConfigurationName = Release;
		};
		C77C477520D4FCDF00B066DE /* Build configuration list for PBXNativeTarget "RxSwiftByExample" */ = {
			isa = XCConfigurationList;
			buildConfigurations = (
				C77C477620D4FCDF00B066DE /* Debug */,
				C77C477720D4FCDF00B066DE /* Release */,
			);
			defaultConfigurationIsVisible = 0;
			defaultConfigurationName = Release;
		};
/* End XCConfigurationList section */
	};
	rootObject = C77C475B20D4FCD600B066DE /* Project object */;
}
