// !$*UTF8*$!
{
	archiveVersion = 1;
	classes = {
	};
	objectVersion = 50;
	objects = {

/* Begin PBXBuildFile section */
		C757448120DEC81200954B93 /* RxSwift.framework in Frameworks */ = {isa = PBXBuildFile; fileRef = C757446420DEC75000954B93 /* RxSwift.framework */; };
		C757448220DEC81200954B93 /* RxSwift.framework in Embed Frameworks */ = {isa = PBXBuildFile; fileRef = C757446420DEC75000954B93 /* RxSwift.framework */; settings = {ATTRIBUTES = (CodeSignOnCopy, RemoveHeadersOnCopy, ); }; };
		C757448420DEC81500954B93 /* RxCocoa.framework in Frameworks */ = {isa = PBXBuildFile; fileRef = C757446520DEC75000954B93 /* RxCocoa.framework */; };
		C757448520DEC81500954B93 /* RxCocoa.framework in Embed Frameworks */ = {isa = PBXBuildFile; fileRef = C757446520DEC75000954B93 /* RxCocoa.framework */; settings = {ATTRIBUTES = (CodeSignOnCopy, RemoveHeadersOnCopy, ); }; };
		C757448C20DEC87D00954B93 /* RxSwiftExt.framework in Frameworks */ = {isa = PBXBuildFile; fileRef = C757448920DEC85A00954B93 /* RxSwiftExt.framework */; };
		C757448D20DEC87D00954B93 /* RxSwiftExt.framework in Embed Frameworks */ = {isa = PBXBuildFile; fileRef = C757448920DEC85A00954B93 /* RxSwiftExt.framework */; settings = {ATTRIBUTES = (CodeSignOnCopy, RemoveHeadersOnCopy, ); }; };
		C757449120DEC8A500954B93 /* RxGesture.framework in Frameworks */ = {isa = PBXBuildFile; fileRef = C757448E20DEC8A400954B93 /* RxGesture.framework */; };
		C757449220DEC8A500954B93 /* RxGesture.framework in Embed Frameworks */ = {isa = PBXBuildFile; fileRef = C757448E20DEC8A400954B93 /* RxGesture.framework */; settings = {ATTRIBUTES = (CodeSignOnCopy, RemoveHeadersOnCopy, ); }; };
		C757449320DEC8A500954B93 /* Differentiator.framework in Frameworks */ = {isa = PBXBuildFile; fileRef = C757448F20DEC8A500954B93 /* Differentiator.framework */; };
		C757449420DEC8A500954B93 /* Differentiator.framework in Embed Frameworks */ = {isa = PBXBuildFile; fileRef = C757448F20DEC8A500954B93 /* Differentiator.framework */; settings = {ATTRIBUTES = (CodeSignOnCopy, RemoveHeadersOnCopy, ); }; };
		C757449520DEC8A500954B93 /* RxDataSources.framework in Frameworks */ = {isa = PBXBuildFile; fileRef = C757449020DEC8A500954B93 /* RxDataSources.framework */; };
		C757449620DEC8A500954B93 /* RxDataSources.framework in Embed Frameworks */ = {isa = PBXBuildFile; fileRef = C757449020DEC8A500954B93 /* RxDataSources.framework */; settings = {ATTRIBUTES = (CodeSignOnCopy, RemoveHeadersOnCopy, ); }; };
		C77C476720D4FCD600B066DE /* AppDelegate.swift in Sources */ = {isa = PBXBuildFile; fileRef = C77C476620D4FCD600B066DE /* AppDelegate.swift */; };
		C77C476C20D4FCD600B066DE /* Main.storyboard in Resources */ = {isa = PBXBuildFile; fileRef = C77C476A20D4FCD600B066DE /* Main.storyboard */; };
		C77C476E20D4FCDF00B066DE /* Assets.xcassets in Resources */ = {isa = PBXBuildFile; fileRef = C77C476D20D4FCDF00B066DE /* Assets.xcassets */; };
		C77C477120D4FCDF00B066DE /* LaunchScreen.storyboard in Resources */ = {isa = PBXBuildFile; fileRef = C77C476F20D4FCDF00B066DE /* LaunchScreen.storyboard */; };
		C77C477B20D4FE5A00B066DE /* Cartfile in Resources */ = {isa = PBXBuildFile; fileRef = C77C477A20D4FE5A00B066DE /* Cartfile */; };
		C7F1E28620D5DEC80020B39E /* Cartfile.resolved in Resources */ = {isa = PBXBuildFile; fileRef = C7F1E28520D5DEC80020B39E /* Cartfile.resolved */; };
		C7F2E75E20DEFEAA00241E38 /* CategoriesViewController.swift in Sources */ = {isa = PBXBuildFile; fileRef = C7F2E75320DEFEAA00241E38 /* CategoriesViewController.swift */; };
		C7F2E75F20DEFEAA00241E38 /* EventCell.swift in Sources */ = {isa = PBXBuildFile; fileRef = C7F2E75420DEFEAA00241E38 /* EventCell.swift */; };
		C7F2E76020DEFEAA00241E38 /* EventsViewController.swift in Sources */ = {isa = PBXBuildFile; fileRef = C7F2E75520DEFEAA00241E38 /* EventsViewController.swift */; };
		C7F2E76120DEFEAA00241E38 /* EOLocation.swift in Sources */ = {isa = PBXBuildFile; fileRef = C7F2E75720DEFEAA00241E38 /* EOLocation.swift */; };
		C7F2E76220DEFEAA00241E38 /* EOError.swift in Sources */ = {isa = PBXBuildFile; fileRef = C7F2E75820DEFEAA00241E38 /* EOError.swift */; };
		C7F2E76320DEFEAA00241E38 /* EOEvent.swift in Sources */ = {isa = PBXBuildFile; fileRef = C7F2E75920DEFEAA00241E38 /* EOEvent.swift */; };
		C7F2E76420DEFEAA00241E38 /* EOCategory.swift in Sources */ = {isa = PBXBuildFile; fileRef = C7F2E75A20DEFEAA00241E38 /* EOCategory.swift */; };
		C7F2E76520DEFEAA00241E38 /* EONET.swift in Sources */ = {isa = PBXBuildFile; fileRef = C7F2E75B20DEFEAA00241E38 /* EONET.swift */; };
		C7F2E76620DEFEAA00241E38 /* nasa-logo.png in Resources */ = {isa = PBXBuildFile; fileRef = C7F2E75D20DEFEAA00241E38 /* nasa-logo.png */; };
/* End PBXBuildFile section */

/* Begin PBXContainerItemProxy section */
		C70A57A220DECA4E00CC8A77 /* PBXContainerItemProxy */ = {
			isa = PBXContainerItemProxy;
			containerPortal = C70A578A20DECA4E00CC8A77 /* Rx.xcodeproj */;
			proxyType = 2;
			remoteGlobalIDString = C8A56AD71AD7424700B4673B;
			remoteInfo = "RxSwift-iOS";
		};
		C70A57A420DECA4E00CC8A77 /* PBXContainerItemProxy */ = {
			isa = PBXContainerItemProxy;
			containerPortal = C70A578A20DECA4E00CC8A77 /* Rx.xcodeproj */;
			proxyType = 2;
			remoteGlobalIDString = C88BB8711B07E5ED0064D411;
			remoteInfo = "RxSwift-macOS";
		};
		C70A57A620DECA4E00CC8A77 /* PBXContainerItemProxy */ = {
			isa = PBXContainerItemProxy;
			containerPortal = C70A578A20DECA4E00CC8A77 /* Rx.xcodeproj */;
			proxyType = 2;
			remoteGlobalIDString = D2EA280C1BB9B5A200880ED3;
			remoteInfo = "RxSwift-tvOS";
		};
		C70A57A820DECA4E00CC8A77 /* PBXContainerItemProxy */ = {
			isa = PBXContainerItemProxy;
			containerPortal = C70A578A20DECA4E00CC8A77 /* Rx.xcodeproj */;
			proxyType = 2;
			remoteGlobalIDString = C8F0C0021BBBFB8B001B112F;
			remoteInfo = "RxSwift-watchOS";
		};
		C70A57AA20DECA4E00CC8A77 /* PBXContainerItemProxy */ = {
			isa = PBXContainerItemProxy;
			containerPortal = C70A578A20DECA4E00CC8A77 /* Rx.xcodeproj */;
			proxyType = 2;
			remoteGlobalIDString = C809396D1B8A71760088E94D;
			remoteInfo = "RxCocoa-iOS";
		};
		C70A57AC20DECA4E00CC8A77 /* PBXContainerItemProxy */ = {
			isa = PBXContainerItemProxy;
			containerPortal = C70A578A20DECA4E00CC8A77 /* Rx.xcodeproj */;
			proxyType = 2;
			remoteGlobalIDString = C80939E71B8A71840088E94D;
			remoteInfo = "RxCocoa-macOS";
		};
		C70A57AE20DECA4E00CC8A77 /* PBXContainerItemProxy */ = {
			isa = PBXContainerItemProxy;
			containerPortal = C70A578A20DECA4E00CC8A77 /* Rx.xcodeproj */;
			proxyType = 2;
			remoteGlobalIDString = D2138C751BB9BE9800339B5C;
			remoteInfo = "RxCocoa-tvOS";
		};
		C70A57B020DECA4E00CC8A77 /* PBXContainerItemProxy */ = {
			isa = PBXContainerItemProxy;
			containerPortal = C70A578A20DECA4E00CC8A77 /* Rx.xcodeproj */;
			proxyType = 2;
			remoteGlobalIDString = C8F0C04B1BBBFBB9001B112F;
			remoteInfo = "RxCocoa-watchOS";
		};
		C70A57B220DECA4E00CC8A77 /* PBXContainerItemProxy */ = {
			isa = PBXContainerItemProxy;
			containerPortal = C70A578A20DECA4E00CC8A77 /* Rx.xcodeproj */;
			proxyType = 2;
			remoteGlobalIDString = C8093BC71B8A71F00088E94D;
			remoteInfo = "RxBlocking-iOS";
		};
		C70A57B420DECA4E00CC8A77 /* PBXContainerItemProxy */ = {
			isa = PBXContainerItemProxy;
			containerPortal = C70A578A20DECA4E00CC8A77 /* Rx.xcodeproj */;
			proxyType = 2;
			remoteGlobalIDString = C8093C451B8A71FC0088E94D;
			remoteInfo = "RxBlocking-macOS";
		};
		C70A57B620DECA4E00CC8A77 /* PBXContainerItemProxy */ = {
			isa = PBXContainerItemProxy;
			containerPortal = C70A578A20DECA4E00CC8A77 /* Rx.xcodeproj */;
			proxyType = 2;
			remoteGlobalIDString = D2EBEB811BB9B99D003A27DC;
			remoteInfo = "RxBlocking-tvOS";
		};
		C70A57B820DECA4E00CC8A77 /* PBXContainerItemProxy */ = {
			isa = PBXContainerItemProxy;
			containerPortal = C70A578A20DECA4E00CC8A77 /* Rx.xcodeproj */;
			proxyType = 2;
			remoteGlobalIDString = C8F0C0581BBBFBCE001B112F;
			remoteInfo = "RxBlocking-watchOS";
		};
		C70A57BA20DECA4E00CC8A77 /* PBXContainerItemProxy */ = {
			isa = PBXContainerItemProxy;
			containerPortal = C70A578A20DECA4E00CC8A77 /* Rx.xcodeproj */;
			proxyType = 2;
			remoteGlobalIDString = C88FA50C1C25C44800CCFEA4;
			remoteInfo = "RxTest-iOS";
		};
		C70A57BC20DECA4E00CC8A77 /* PBXContainerItemProxy */ = {
			isa = PBXContainerItemProxy;
			containerPortal = C70A578A20DECA4E00CC8A77 /* Rx.xcodeproj */;
			proxyType = 2;
			remoteGlobalIDString = C88FA51D1C25C4B500CCFEA4;
			remoteInfo = "RxTest-macOS";
		};
		C70A57BE20DECA4E00CC8A77 /* PBXContainerItemProxy */ = {
			isa = PBXContainerItemProxy;
			containerPortal = C70A578A20DECA4E00CC8A77 /* Rx.xcodeproj */;
			proxyType = 2;
			remoteGlobalIDString = C88FA52E1C25C4C000CCFEA4;
			remoteInfo = "RxTest-tvOS";
		};
		C70A57C020DECA4E00CC8A77 /* PBXContainerItemProxy */ = {
			isa = PBXContainerItemProxy;
			containerPortal = C70A578A20DECA4E00CC8A77 /* Rx.xcodeproj */;
			proxyType = 2;
			remoteGlobalIDString = C88FA53F1C25C4CC00CCFEA4;
			remoteInfo = "RxTest-watchOS";
		};
		C70A57C220DECA4E00CC8A77 /* PBXContainerItemProxy */ = {
			isa = PBXContainerItemProxy;
			containerPortal = C70A578A20DECA4E00CC8A77 /* Rx.xcodeproj */;
			proxyType = 2;
			remoteGlobalIDString = C83508C31C386F6F0027C24C;
			remoteInfo = "AllTests-iOS";
		};
		C70A57C420DECA4E00CC8A77 /* PBXContainerItemProxy */ = {
			isa = PBXContainerItemProxy;
			containerPortal = C70A578A20DECA4E00CC8A77 /* Rx.xcodeproj */;
			proxyType = 2;
			remoteGlobalIDString = C83509841C38740E0027C24C;
			remoteInfo = "AllTests-tvOS";
		};
		C70A57C620DECA4E00CC8A77 /* PBXContainerItemProxy */ = {
			isa = PBXContainerItemProxy;
			containerPortal = C70A578A20DECA4E00CC8A77 /* Rx.xcodeproj */;
			proxyType = 2;
			remoteGlobalIDString = C83509941C38742C0027C24C;
			remoteInfo = "AllTests-macOS";
		};
		C70A57C820DECA4E00CC8A77 /* PBXContainerItemProxy */ = {
			isa = PBXContainerItemProxy;
			containerPortal = C70A578A20DECA4E00CC8A77 /* Rx.xcodeproj */;
			proxyType = 2;
			remoteGlobalIDString = C85BA04B1C3878740075D68E;
			remoteInfo = Microoptimizations;
		};
		C70A57CA20DECA4E00CC8A77 /* PBXContainerItemProxy */ = {
			isa = PBXContainerItemProxy;
			containerPortal = C70A578A20DECA4E00CC8A77 /* Rx.xcodeproj */;
			proxyType = 2;
			remoteGlobalIDString = C8E8BA551E2C181A00A4AC2C;
			remoteInfo = Benchmarks;
		};
		C70A57D120DECA4E00CC8A77 /* PBXContainerItemProxy */ = {
			isa = PBXContainerItemProxy;
			containerPortal = C70A57CC20DECA4E00CC8A77 /* RxGesture.xcodeproj */;
			proxyType = 2;
			remoteGlobalIDString = F4CC4C1D1DEBA895009ED835;
			remoteInfo = "RxGesture-iOS";
		};
		C70A57D320DECA4E00CC8A77 /* PBXContainerItemProxy */ = {
			isa = PBXContainerItemProxy;
			containerPortal = C70A57CC20DECA4E00CC8A77 /* RxGesture.xcodeproj */;
			proxyType = 2;
			remoteGlobalIDString = 87F8F7221E511E2E00C3B1BE;
			remoteInfo = "RxGesture-OSX";
		};
		C70A57DF20DECA4F00CC8A77 /* PBXContainerItemProxy */ = {
			isa = PBXContainerItemProxy;
			containerPortal = C70A57D520DECA4E00CC8A77 /* RxSwiftExt.xcodeproj */;
			proxyType = 2;
			remoteGlobalIDString = 188C6D911C47B2B20092101A;
			remoteInfo = "RxSwiftExt-iOS";
		};
		C70A57E120DECA4F00CC8A77 /* PBXContainerItemProxy */ = {
			isa = PBXContainerItemProxy;
			containerPortal = C70A57D520DECA4E00CC8A77 /* RxSwiftExt.xcodeproj */;
			proxyType = 2;
			remoteGlobalIDString = 62512C5E1F0EAF200083A89F;
			remoteInfo = "RxSwiftExt-macOS";
		};
		C70A57E320DECA4F00CC8A77 /* PBXContainerItemProxy */ = {
			isa = PBXContainerItemProxy;
			containerPortal = C70A57D520DECA4E00CC8A77 /* RxSwiftExt.xcodeproj */;
			proxyType = 2;
			remoteGlobalIDString = E39C41D01F18AF84007F2ACD;
			remoteInfo = "RxSwiftExt-tvOS";
		};
		C70A57E520DECA4F00CC8A77 /* PBXContainerItemProxy */ = {
			isa = PBXContainerItemProxy;
			containerPortal = C70A57D520DECA4E00CC8A77 /* RxSwiftExt.xcodeproj */;
			proxyType = 2;
			remoteGlobalIDString = 3D638DE71DC2B2D40089A590;
			remoteInfo = "RxSwiftExtTests-iOS";
		};
		C70A57E720DECA4F00CC8A77 /* PBXContainerItemProxy */ = {
			isa = PBXContainerItemProxy;
			containerPortal = C70A57D520DECA4E00CC8A77 /* RxSwiftExt.xcodeproj */;
			proxyType = 2;
			remoteGlobalIDString = 62512C841F0EB1280083A89F;
			remoteInfo = "RxSwiftExtTests-macOS";
		};
		C70A57E920DECA4F00CC8A77 /* PBXContainerItemProxy */ = {
			isa = PBXContainerItemProxy;
			containerPortal = C70A57D520DECA4E00CC8A77 /* RxSwiftExt.xcodeproj */;
			proxyType = 2;
			remoteGlobalIDString = E39C41F21F18B0EA007F2ACD;
			remoteInfo = "RxSwiftExtTests-tvOS";
		};
		C70A57F520DECA4F00CC8A77 /* PBXContainerItemProxy */ = {
			isa = PBXContainerItemProxy;
			containerPortal = C70A57EB20DECA4F00CC8A77 /* RxDataSources.xcodeproj */;
			proxyType = 2;
			remoteGlobalIDString = C8984C5A1C36AF35001E4272;
			remoteInfo = RxDataSources;
		};
		C70A57F720DECA4F00CC8A77 /* PBXContainerItemProxy */ = {
			isa = PBXContainerItemProxy;
			containerPortal = C70A57EB20DECA4F00CC8A77 /* RxDataSources.xcodeproj */;
			proxyType = 2;
			remoteGlobalIDString = C82C3C541F3B937500309AE8;
			remoteInfo = Differentiator;
		};
		C70A57F920DECA4F00CC8A77 /* PBXContainerItemProxy */ = {
			isa = PBXContainerItemProxy;
			containerPortal = C70A57EB20DECA4F00CC8A77 /* RxDataSources.xcodeproj */;
			proxyType = 2;
			remoteGlobalIDString = C8984C9B1C36B6FA001E4272;
			remoteInfo = Example;
		};
		C70A57FB20DECA4F00CC8A77 /* PBXContainerItemProxy */ = {
			isa = PBXContainerItemProxy;
			containerPortal = C70A57EB20DECA4F00CC8A77 /* RxDataSources.xcodeproj */;
			proxyType = 2;
			remoteGlobalIDString = C8984CB11C36B723001E4272;
			remoteInfo = ExampleUITests;
		};
		C70A57FD20DECA4F00CC8A77 /* PBXContainerItemProxy */ = {
			isa = PBXContainerItemProxy;
			containerPortal = C70A57EB20DECA4F00CC8A77 /* RxDataSources.xcodeproj */;
			proxyType = 2;
			remoteGlobalIDString = C81905AE1DEA019100AE679C;
			remoteInfo = Tests;
		};
/* End PBXContainerItemProxy section */

/* Begin PBXCopyFilesBuildPhase section */
		C757448320DEC81200954B93 /* Embed Frameworks */ = {
			isa = PBXCopyFilesBuildPhase;
			buildActionMask = 2147483647;
			dstPath = "";
			dstSubfolderSpec = 11;
			files = (
				C757449220DEC8A500954B93 /* RxGesture.framework in Embed Frameworks */,
				C757449420DEC8A500954B93 /* Differentiator.framework in Embed Frameworks */,
				C757448520DEC81500954B93 /* RxCocoa.framework in Embed Frameworks */,
				C757449620DEC8A500954B93 /* RxDataSources.framework in Embed Frameworks */,
				C757448D20DEC87D00954B93 /* RxSwiftExt.framework in Embed Frameworks */,
				C757448220DEC81200954B93 /* RxSwift.framework in Embed Frameworks */,
			);
			name = "Embed Frameworks";
			runOnlyForDeploymentPostprocessing = 0;
		};
/* End PBXCopyFilesBuildPhase section */

/* Begin PBXFileReference section */
		C70A578A20DECA4E00CC8A77 /* Rx.xcodeproj */ = {isa = PBXFileReference; lastKnownFileType = "wrapper.pb-project"; name = Rx.xcodeproj; path = ../../Carthage/Checkouts/RxSwift/Rx.xcodeproj; sourceTree = "<group>"; };
		C70A57CC20DECA4E00CC8A77 /* RxGesture.xcodeproj */ = {isa = PBXFileReference; lastKnownFileType = "wrapper.pb-project"; name = RxGesture.xcodeproj; path = ../../Carthage/Checkouts/RxGesture/RxGesture/RxGesture.xcodeproj; sourceTree = "<group>"; };
		C70A57D520DECA4E00CC8A77 /* RxSwiftExt.xcodeproj */ = {isa = PBXFileReference; lastKnownFileType = "wrapper.pb-project"; name = RxSwiftExt.xcodeproj; path = ../../Carthage/Checkouts/RxSwiftExt/RxSwiftExt.xcodeproj; sourceTree = "<group>"; };
		C70A57EB20DECA4F00CC8A77 /* RxDataSources.xcodeproj */ = {isa = PBXFileReference; lastKnownFileType = "wrapper.pb-project"; name = RxDataSources.xcodeproj; path = ../../Carthage/Checkouts/RxDataSources/RxDataSources.xcodeproj; sourceTree = "<group>"; };
		C72AC54B20DED0F90006A0F4 /* RxSwiftCombiningObservables.playground */ = {isa = PBXFileReference; lastKnownFileType = file.playground; path = RxSwiftCombiningObservables.playground; sourceTree = "<group>"; xcLanguageSpecificationIdentifier = xcode.lang.swift; };
		C738176920DEBF39005806FA /* RxCocoa.playground */ = {isa = PBXFileReference; lastKnownFileType = file.playground; path = RxCocoa.playground; sourceTree = "<group>"; xcLanguageSpecificationIdentifier = xcode.lang.swift; };
		C746EF2D20D673690044E80E /* RxSwift.playground */ = {isa = PBXFileReference; lastKnownFileType = file.playground; path = RxSwift.playground; sourceTree = "<group>"; xcLanguageSpecificationIdentifier = xcode.lang.swift; };
		C74B1FC920D66FCC003F4C38 /* Rx.playground */ = {isa = PBXFileReference; lastKnownFileType = file.playground; path = Rx.playground; sourceTree = "<group>"; };
		C757446420DEC75000954B93 /* RxSwift.framework */ = {isa = PBXFileReference; lastKnownFileType = wrapper.framework; path = RxSwift.framework; sourceTree = "<group>"; };
		C757446520DEC75000954B93 /* RxCocoa.framework */ = {isa = PBXFileReference; lastKnownFileType = wrapper.framework; path = RxCocoa.framework; sourceTree = "<group>"; };
		C757448920DEC85A00954B93 /* RxSwiftExt.framework */ = {isa = PBXFileReference; lastKnownFileType = wrapper.framework; path = RxSwiftExt.framework; sourceTree = "<group>"; };
		C757448E20DEC8A400954B93 /* RxGesture.framework */ = {isa = PBXFileReference; lastKnownFileType = wrapper.framework; path = RxGesture.framework; sourceTree = "<group>"; };
		C757448F20DEC8A500954B93 /* Differentiator.framework */ = {isa = PBXFileReference; lastKnownFileType = wrapper.framework; path = Differentiator.framework; sourceTree = "<group>"; };
		C757449020DEC8A500954B93 /* RxDataSources.framework */ = {isa = PBXFileReference; lastKnownFileType = wrapper.framework; path = RxDataSources.framework; sourceTree = "<group>"; };
		C77648B720DEA5FF0026647F /* RxSwiftTransformingOperators.playground */ = {isa = PBXFileReference; lastKnownFileType = file.playground; path = RxSwiftTransformingOperators.playground; sourceTree = "<group>"; xcLanguageSpecificationIdentifier = xcode.lang.swift; };
		C77C476320D4FCD600B066DE /* RxSwiftByExample.app */ = {isa = PBXFileReference; explicitFileType = wrapper.application; includeInIndex = 0; path = RxSwiftByExample.app; sourceTree = BUILT_PRODUCTS_DIR; };
		C77C476620D4FCD600B066DE /* AppDelegate.swift */ = {isa = PBXFileReference; lastKnownFileType = sourcecode.swift; path = AppDelegate.swift; sourceTree = "<group>"; };
		C77C476B20D4FCD600B066DE /* Base */ = {isa = PBXFileReference; lastKnownFileType = file.storyboard; name = Base; path = Base.lproj/Main.storyboard; sourceTree = "<group>"; };
		C77C476D20D4FCDF00B066DE /* Assets.xcassets */ = {isa = PBXFileReference; lastKnownFileType = folder.assetcatalog; path = Assets.xcassets; sourceTree = "<group>"; };
		C77C477020D4FCDF00B066DE /* Base */ = {isa = PBXFileReference; lastKnownFileType = file.storyboard; name = Base; path = Base.lproj/LaunchScreen.storyboard; sourceTree = "<group>"; };
		C77C477220D4FCDF00B066DE /* Info.plist */ = {isa = PBXFileReference; lastKnownFileType = text.plist.xml; path = Info.plist; sourceTree = "<group>"; };
		C77C477A20D4FE5A00B066DE /* Cartfile */ = {isa = PBXFileReference; fileEncoding = 4; lastKnownFileType = text; name = Cartfile; path = ../../Cartfile; sourceTree = "<group>"; };
		C780780020DE703D0023B408 /* RxSwiftSchedulers.playground */ = {isa = PBXFileReference; lastKnownFileType = file.playground; path = RxSwiftSchedulers.playground; sourceTree = "<group>"; xcLanguageSpecificationIdentifier = xcode.lang.swift; };
		C780780120DE70B10023B408 /* RxSwiftTimers.playground */ = {isa = PBXFileReference; lastKnownFileType = file.playground; path = RxSwiftTimers.playground; sourceTree = "<group>"; xcLanguageSpecificationIdentifier = xcode.lang.swift; };
		C78BF40820DE4F3200F08B48 /* RxSwiftFilters.playground */ = {isa = PBXFileReference; lastKnownFileType = file.playground; path = RxSwiftFilters.playground; sourceTree = "<group>"; xcLanguageSpecificationIdentifier = xcode.lang.swift; };
		C7C8E4BD20DE4EEF00752A50 /* RxSwiftOperators.playground */ = {isa = PBXFileReference; lastKnownFileType = file.playground; path = RxSwiftOperators.playground; sourceTree = "<group>"; xcLanguageSpecificationIdentifier = xcode.lang.swift; };
		C7F1E28520D5DEC80020B39E /* Cartfile.resolved */ = {isa = PBXFileReference; fileEncoding = 4; lastKnownFileType = text; name = Cartfile.resolved; path = ../../Cartfile.resolved; sourceTree = "<group>"; };
		C7F2E75320DEFEAA00241E38 /* CategoriesViewController.swift */ = {isa = PBXFileReference; fileEncoding = 4; lastKnownFileType = sourcecode.swift; path = CategoriesViewController.swift; sourceTree = "<group>"; };
		C7F2E75420DEFEAA00241E38 /* EventCell.swift */ = {isa = PBXFileReference; fileEncoding = 4; lastKnownFileType = sourcecode.swift; path = EventCell.swift; sourceTree = "<group>"; };
		C7F2E75520DEFEAA00241E38 /* EventsViewController.swift */ = {isa = PBXFileReference; fileEncoding = 4; lastKnownFileType = sourcecode.swift; path = EventsViewController.swift; sourceTree = "<group>"; };
		C7F2E75720DEFEAA00241E38 /* EOLocation.swift */ = {isa = PBXFileReference; fileEncoding = 4; lastKnownFileType = sourcecode.swift; path = EOLocation.swift; sourceTree = "<group>"; };
		C7F2E75820DEFEAA00241E38 /* EOError.swift */ = {isa = PBXFileReference; fileEncoding = 4; lastKnownFileType = sourcecode.swift; path = EOError.swift; sourceTree = "<group>"; };
		C7F2E75920DEFEAA00241E38 /* EOEvent.swift */ = {isa = PBXFileReference; fileEncoding = 4; lastKnownFileType = sourcecode.swift; path = EOEvent.swift; sourceTree = "<group>"; };
		C7F2E75A20DEFEAA00241E38 /* EOCategory.swift */ = {isa = PBXFileReference; fileEncoding = 4; lastKnownFileType = sourcecode.swift; path = EOCategory.swift; sourceTree = "<group>"; };
		C7F2E75B20DEFEAA00241E38 /* EONET.swift */ = {isa = PBXFileReference; fileEncoding = 4; lastKnownFileType = sourcecode.swift; path = EONET.swift; sourceTree = "<group>"; };
		C7F2E75D20DEFEAA00241E38 /* nasa-logo.png */ = {isa = PBXFileReference; lastKnownFileType = image.png; path = "nasa-logo.png"; sourceTree = "<group>"; };
/* End PBXFileReference section */

/* Begin PBXFrameworksBuildPhase section */
		C77C476020D4FCD600B066DE /* Frameworks */ = {
			isa = PBXFrameworksBuildPhase;
			buildActionMask = 2147483647;
			files = (
				C757449120DEC8A500954B93 /* RxGesture.framework in Frameworks */,
				C757449320DEC8A500954B93 /* Differentiator.framework in Frameworks */,
				C757448420DEC81500954B93 /* RxCocoa.framework in Frameworks */,
				C757449520DEC8A500954B93 /* RxDataSources.framework in Frameworks */,
				C757448C20DEC87D00954B93 /* RxSwiftExt.framework in Frameworks */,
				C757448120DEC81200954B93 /* RxSwift.framework in Frameworks */,
			);
			runOnlyForDeploymentPostprocessing = 0;
		};
/* End PBXFrameworksBuildPhase section */

/* Begin PBXGroup section */
		C70A578B20DECA4E00CC8A77 /* Products */ = {
			isa = PBXGroup;
			children = (
				C70A57A320DECA4E00CC8A77 /* RxSwift.framework */,
				C70A57A520DECA4E00CC8A77 /* RxSwift.framework */,
				C70A57A720DECA4E00CC8A77 /* RxSwift.framework */,
				C70A57A920DECA4E00CC8A77 /* RxSwift.framework */,
				C70A57AB20DECA4E00CC8A77 /* RxCocoa.framework */,
				C70A57AD20DECA4E00CC8A77 /* RxCocoa.framework */,
				C70A57AF20DECA4E00CC8A77 /* RxCocoa.framework */,
				C70A57B120DECA4E00CC8A77 /* RxCocoa.framework */,
				C70A57B320DECA4E00CC8A77 /* RxBlocking.framework */,
				C70A57B520DECA4E00CC8A77 /* RxBlocking.framework */,
				C70A57B720DECA4E00CC8A77 /* RxBlocking.framework */,
				C70A57B920DECA4E00CC8A77 /* RxBlocking.framework */,
				C70A57BB20DECA4E00CC8A77 /* RxTest.framework */,
				C70A57BD20DECA4E00CC8A77 /* RxTest.framework */,
				C70A57BF20DECA4E00CC8A77 /* RxTest.framework */,
				C70A57C120DECA4E00CC8A77 /* RxTest.framework */,
				C70A57C320DECA4E00CC8A77 /* AllTests-iOS.xctest */,
				C70A57C520DECA4E00CC8A77 /* AllTests-tvOS.xctest */,
				C70A57C720DECA4E00CC8A77 /* AllTests-macOS.xctest */,
				C70A57C920DECA4E00CC8A77 /* PerformanceTests.app */,
				C70A57CB20DECA4E00CC8A77 /* Benchmarks.xctest */,
			);
			name = Products;
			sourceTree = "<group>";
		};
		C70A57CD20DECA4E00CC8A77 /* Products */ = {
			isa = PBXGroup;
			children = (
				C70A57D220DECA4E00CC8A77 /* RxGesture.framework */,
				C70A57D420DECA4E00CC8A77 /* RxGesture.framework */,
			);
			name = Products;
			sourceTree = "<group>";
		};
		C70A57D620DECA4E00CC8A77 /* Products */ = {
			isa = PBXGroup;
			children = (
				C70A57E020DECA4F00CC8A77 /* RxSwiftExt.framework */,
				C70A57E220DECA4F00CC8A77 /* RxSwiftExt.framework */,
				C70A57E420DECA4F00CC8A77 /* RxSwiftExt.framework */,
				C70A57E620DECA4F00CC8A77 /* RxSwiftExtTests-iOS.xctest */,
				C70A57E820DECA4F00CC8A77 /* RxSwiftExtTests-macOS.xctest */,
				C70A57EA20DECA4F00CC8A77 /* RxSwiftTests.xctest */,
			);
			name = Products;
			sourceTree = "<group>";
		};
		C70A57EC20DECA4F00CC8A77 /* Products */ = {
			isa = PBXGroup;
			children = (
				C70A57F620DECA4F00CC8A77 /* RxDataSources.framework */,
				C70A57F820DECA4F00CC8A77 /* Differentiator.framework */,
				C70A57FA20DECA4F00CC8A77 /* Example.app */,
				C70A57FC20DECA4F00CC8A77 /* ExampleUITests.xctest */,
				C70A57FE20DECA4F00CC8A77 /* Tests.xctest */,
			);
			name = Products;
			sourceTree = "<group>";
		};
		C7726F0120DE7824008076A7 /* Frameworks */ = {
			isa = PBXGroup;
			children = (
			);
			name = Frameworks;
			sourceTree = "<group>";
		};
		C77C475A20D4FCD600B066DE = {
			isa = PBXGroup;
			children = (
				C78CCBCA20D6634C00907B1B /* Playgrounds */,
				C77C477820D4FE2700B066DE /* Config */,
				C77C477920D4FE3100B066DE /* Dependencies */,
				C77C476520D4FCD600B066DE /* RxSwiftByExample */,
				C77C476420D4FCD600B066DE /* Products */,
				C7726F0120DE7824008076A7 /* Frameworks */,
			);
			sourceTree = "<group>";
		};
		C77C476420D4FCD600B066DE /* Products */ = {
			isa = PBXGroup;
			children = (
				C77C476320D4FCD600B066DE /* RxSwiftByExample.app */,
			);
			name = Products;
			sourceTree = "<group>";
		};
		C77C476520D4FCD600B066DE /* RxSwiftByExample */ = {
			isa = PBXGroup;
			children = (
				C7F2E75620DEFEAA00241E38 /* Models */,
				C7F2E76820DEFEE200241E38 /* Views */,
				C7F2E76920DEFEF300241E38 /* Controllers */,
				C7F2E76720DEFEAF00241E38 /* Supporting Files */,
				C7F2E75C20DEFEAA00241E38 /* Resources */,
			);
			path = RxSwiftByExample;
			sourceTree = "<group>";
		};
		C77C477820D4FE2700B066DE /* Config */ = {
			isa = PBXGroup;
			children = (
				C7F1E28520D5DEC80020B39E /* Cartfile.resolved */,
				C77C477A20D4FE5A00B066DE /* Cartfile */,
			);
			path = Config;
			sourceTree = "<group>";
		};
		C77C477920D4FE3100B066DE /* Dependencies */ = {
			isa = PBXGroup;
			children = (
				C70A578A20DECA4E00CC8A77 /* Rx.xcodeproj */,
				C70A57EB20DECA4F00CC8A77 /* RxDataSources.xcodeproj */,
				C70A57CC20DECA4E00CC8A77 /* RxGesture.xcodeproj */,
				C70A57D520DECA4E00CC8A77 /* RxSwiftExt.xcodeproj */,
				C757448F20DEC8A500954B93 /* Differentiator.framework */,
				C757449020DEC8A500954B93 /* RxDataSources.framework */,
				C757448E20DEC8A400954B93 /* RxGesture.framework */,
				C757446520DEC75000954B93 /* RxCocoa.framework */,
				C757446420DEC75000954B93 /* RxSwift.framework */,
				C757448920DEC85A00954B93 /* RxSwiftExt.framework */,
			);
			path = Dependencies;
			sourceTree = "<group>";
		};
		C78CCBCA20D6634C00907B1B /* Playgrounds */ = {
			isa = PBXGroup;
			children = (
				C738176920DEBF39005806FA /* RxCocoa.playground */,
				C7C8E4BD20DE4EEF00752A50 /* RxSwiftOperators.playground */,
				C78BF40820DE4F3200F08B48 /* RxSwiftFilters.playground */,
				C780780020DE703D0023B408 /* RxSwiftSchedulers.playground */,
				C780780120DE70B10023B408 /* RxSwiftTimers.playground */,
				C77648B720DEA5FF0026647F /* RxSwiftTransformingOperators.playground */,
				C72AC54B20DED0F90006A0F4 /* RxSwiftCombiningObservables.playground */,
				C746EF2D20D673690044E80E /* RxSwift.playground */,
				C74B1FC920D66FCC003F4C38 /* Rx.playground */,
			);
			path = Playgrounds;
			sourceTree = "<group>";
		};
		C7F2E75620DEFEAA00241E38 /* Models */ = {
			isa = PBXGroup;
			children = (
				C7F2E75720DEFEAA00241E38 /* EOLocation.swift */,
				C7F2E75820DEFEAA00241E38 /* EOError.swift */,
				C7F2E75920DEFEAA00241E38 /* EOEvent.swift */,
				C7F2E75A20DEFEAA00241E38 /* EOCategory.swift */,
				C7F2E75B20DEFEAA00241E38 /* EONET.swift */,
			);
			path = Models;
			sourceTree = "<group>";
		};
		C7F2E75C20DEFEAA00241E38 /* Resources */ = {
			isa = PBXGroup;
			children = (
				C7F2E75D20DEFEAA00241E38 /* nasa-logo.png */,
			);
			path = Resources;
			sourceTree = "<group>";
		};
		C7F2E76720DEFEAF00241E38 /* Supporting Files */ = {
			isa = PBXGroup;
			children = (
				C77C476620D4FCD600B066DE /* AppDelegate.swift */,
				C77C476D20D4FCDF00B066DE /* Assets.xcassets */,
				C77C476F20D4FCDF00B066DE /* LaunchScreen.storyboard */,
				C77C477220D4FCDF00B066DE /* Info.plist */,
			);
			path = "Supporting Files";
			sourceTree = "<group>";
		};
		C7F2E76820DEFEE200241E38 /* Views */ = {
			isa = PBXGroup;
			children = (
				C77C476A20D4FCD600B066DE /* Main.storyboard */,
				C7F2E75420DEFEAA00241E38 /* EventCell.swift */,
			);
			path = Views;
			sourceTree = "<group>";
		};
		C7F2E76920DEFEF300241E38 /* Controllers */ = {
			isa = PBXGroup;
			children = (
				C7F2E75320DEFEAA00241E38 /* CategoriesViewController.swift */,
				C7F2E75520DEFEAA00241E38 /* EventsViewController.swift */,
			);
			path = Controllers;
			sourceTree = "<group>";
		};
/* End PBXGroup section */

/* Begin PBXNativeTarget section */
		C77C476220D4FCD600B066DE /* RxSwiftByExample */ = {
			isa = PBXNativeTarget;
			buildConfigurationList = C77C477520D4FCDF00B066DE /* Build configuration list for PBXNativeTarget "RxSwiftByExample" */;
			buildPhases = (
				C77C475F20D4FCD600B066DE /* Sources */,
				C77C476020D4FCD600B066DE /* Frameworks */,
				C77C476120D4FCD600B066DE /* Resources */,
				C757448320DEC81200954B93 /* Embed Frameworks */,
			);
			buildRules = (
			);
			dependencies = (
			);
			name = RxSwiftByExample;
			productName = RxSwiftByExample;
			productReference = C77C476320D4FCD600B066DE /* RxSwiftByExample.app */;
			productType = "com.apple.product-type.application";
		};
/* End PBXNativeTarget section */

/* Begin PBXProject section */
		C77C475B20D4FCD600B066DE /* Project object */ = {
			isa = PBXProject;
			attributes = {
				LastSwiftUpdateCheck = 0940;
				LastUpgradeCheck = 0940;
				ORGANIZATIONNAME = "Geo Games";
				TargetAttributes = {
					C77C476220D4FCD600B066DE = {
						CreatedOnToolsVersion = 9.4.1;
					};
				};
			};
			buildConfigurationList = C77C475E20D4FCD600B066DE /* Build configuration list for PBXProject "RxSwiftByExample" */;
			compatibilityVersion = "Xcode 9.3";
			developmentRegion = en;
			hasScannedForEncodings = 0;
			knownRegions = (
				en,
				Base,
			);
			mainGroup = C77C475A20D4FCD600B066DE;
			productRefGroup = C77C476420D4FCD600B066DE /* Products */;
			projectDirPath = "";
			projectReferences = (
				{
					ProductGroup = C70A578B20DECA4E00CC8A77 /* Products */;
					ProjectRef = C70A578A20DECA4E00CC8A77 /* Rx.xcodeproj */;
				},
				{
					ProductGroup = C70A57EC20DECA4F00CC8A77 /* Products */;
					ProjectRef = C70A57EB20DECA4F00CC8A77 /* RxDataSources.xcodeproj */;
				},
				{
					ProductGroup = C70A57CD20DECA4E00CC8A77 /* Products */;
					ProjectRef = C70A57CC20DECA4E00CC8A77 /* RxGesture.xcodeproj */;
				},
				{
					ProductGroup = C70A57D620DECA4E00CC8A77 /* Products */;
					ProjectRef = C70A57D520DECA4E00CC8A77 /* RxSwiftExt.xcodeproj */;
				},
			);
			projectRoot = "";
			targets = (
				C77C476220D4FCD600B066DE /* RxSwiftByExample */,
			);
		};
/* End PBXProject section */

/* Begin PBXReferenceProxy section */
		C70A57A320DECA4E00CC8A77 /* RxSwift.framework */ = {
			isa = PBXReferenceProxy;
			fileType = wrapper.framework;
			path = RxSwift.framework;
			remoteRef = C70A57A220DECA4E00CC8A77 /* PBXContainerItemProxy */;
			sourceTree = BUILT_PRODUCTS_DIR;
		};
		C70A57A520DECA4E00CC8A77 /* RxSwift.framework */ = {
			isa = PBXReferenceProxy;
			fileType = wrapper.framework;
			path = RxSwift.framework;
			remoteRef = C70A57A420DECA4E00CC8A77 /* PBXContainerItemProxy */;
			sourceTree = BUILT_PRODUCTS_DIR;
		};
		C70A57A720DECA4E00CC8A77 /* RxSwift.framework */ = {
			isa = PBXReferenceProxy;
			fileType = wrapper.framework;
			path = RxSwift.framework;
			remoteRef = C70A57A620DECA4E00CC8A77 /* PBXContainerItemProxy */;
			sourceTree = BUILT_PRODUCTS_DIR;
		};
		C70A57A920DECA4E00CC8A77 /* RxSwift.framework */ = {
			isa = PBXReferenceProxy;
			fileType = wrapper.framework;
			path = RxSwift.framework;
			remoteRef = C70A57A820DECA4E00CC8A77 /* PBXContainerItemProxy */;
			sourceTree = BUILT_PRODUCTS_DIR;
		};
		C70A57AB20DECA4E00CC8A77 /* RxCocoa.framework */ = {
			isa = PBXReferenceProxy;
			fileType = wrapper.framework;
			path = RxCocoa.framework;
			remoteRef = C70A57AA20DECA4E00CC8A77 /* PBXContainerItemProxy */;
			sourceTree = BUILT_PRODUCTS_DIR;
		};
		C70A57AD20DECA4E00CC8A77 /* RxCocoa.framework */ = {
			isa = PBXReferenceProxy;
			fileType = wrapper.framework;
			path = RxCocoa.framework;
			remoteRef = C70A57AC20DECA4E00CC8A77 /* PBXContainerItemProxy */;
			sourceTree = BUILT_PRODUCTS_DIR;
		};
		C70A57AF20DECA4E00CC8A77 /* RxCocoa.framework */ = {
			isa = PBXReferenceProxy;
			fileType = wrapper.framework;
			path = RxCocoa.framework;
			remoteRef = C70A57AE20DECA4E00CC8A77 /* PBXContainerItemProxy */;
			sourceTree = BUILT_PRODUCTS_DIR;
		};
		C70A57B120DECA4E00CC8A77 /* RxCocoa.framework */ = {
			isa = PBXReferenceProxy;
			fileType = wrapper.framework;
			path = RxCocoa.framework;
			remoteRef = C70A57B020DECA4E00CC8A77 /* PBXContainerItemProxy */;
			sourceTree = BUILT_PRODUCTS_DIR;
		};
		C70A57B320DECA4E00CC8A77 /* RxBlocking.framework */ = {
			isa = PBXReferenceProxy;
			fileType = wrapper.framework;
			path = RxBlocking.framework;
			remoteRef = C70A57B220DECA4E00CC8A77 /* PBXContainerItemProxy */;
			sourceTree = BUILT_PRODUCTS_DIR;
		};
		C70A57B520DECA4E00CC8A77 /* RxBlocking.framework */ = {
			isa = PBXReferenceProxy;
			fileType = wrapper.framework;
			path = RxBlocking.framework;
			remoteRef = C70A57B420DECA4E00CC8A77 /* PBXContainerItemProxy */;
			sourceTree = BUILT_PRODUCTS_DIR;
		};
		C70A57B720DECA4E00CC8A77 /* RxBlocking.framework */ = {
			isa = PBXReferenceProxy;
			fileType = wrapper.framework;
			path = RxBlocking.framework;
			remoteRef = C70A57B620DECA4E00CC8A77 /* PBXContainerItemProxy */;
			sourceTree = BUILT_PRODUCTS_DIR;
		};
		C70A57B920DECA4E00CC8A77 /* RxBlocking.framework */ = {
			isa = PBXReferenceProxy;
			fileType = wrapper.framework;
			path = RxBlocking.framework;
			remoteRef = C70A57B820DECA4E00CC8A77 /* PBXContainerItemProxy */;
			sourceTree = BUILT_PRODUCTS_DIR;
		};
		C70A57BB20DECA4E00CC8A77 /* RxTest.framework */ = {
			isa = PBXReferenceProxy;
			fileType = wrapper.framework;
			path = RxTest.framework;
			remoteRef = C70A57BA20DECA4E00CC8A77 /* PBXContainerItemProxy */;
			sourceTree = BUILT_PRODUCTS_DIR;
		};
		C70A57BD20DECA4E00CC8A77 /* RxTest.framework */ = {
			isa = PBXReferenceProxy;
			fileType = wrapper.framework;
			path = RxTest.framework;
			remoteRef = C70A57BC20DECA4E00CC8A77 /* PBXContainerItemProxy */;
			sourceTree = BUILT_PRODUCTS_DIR;
		};
		C70A57BF20DECA4E00CC8A77 /* RxTest.framework */ = {
			isa = PBXReferenceProxy;
			fileType = wrapper.framework;
			path = RxTest.framework;
			remoteRef = C70A57BE20DECA4E00CC8A77 /* PBXContainerItemProxy */;
			sourceTree = BUILT_PRODUCTS_DIR;
		};
		C70A57C120DECA4E00CC8A77 /* RxTest.framework */ = {
			isa = PBXReferenceProxy;
			fileType = wrapper.framework;
			path = RxTest.framework;
			remoteRef = C70A57C020DECA4E00CC8A77 /* PBXContainerItemProxy */;
			sourceTree = BUILT_PRODUCTS_DIR;
		};
		C70A57C320DECA4E00CC8A77 /* AllTests-iOS.xctest */ = {
			isa = PBXReferenceProxy;
			fileType = wrapper.cfbundle;
			path = "AllTests-iOS.xctest";
			remoteRef = C70A57C220DECA4E00CC8A77 /* PBXContainerItemProxy */;
			sourceTree = BUILT_PRODUCTS_DIR;
		};
		C70A57C520DECA4E00CC8A77 /* AllTests-tvOS.xctest */ = {
			isa = PBXReferenceProxy;
			fileType = wrapper.cfbundle;
			path = "AllTests-tvOS.xctest";
			remoteRef = C70A57C420DECA4E00CC8A77 /* PBXContainerItemProxy */;
			sourceTree = BUILT_PRODUCTS_DIR;
		};
		C70A57C720DECA4E00CC8A77 /* AllTests-macOS.xctest */ = {
			isa = PBXReferenceProxy;
			fileType = wrapper.cfbundle;
			path = "AllTests-macOS.xctest";
			remoteRef = C70A57C620DECA4E00CC8A77 /* PBXContainerItemProxy */;
			sourceTree = BUILT_PRODUCTS_DIR;
		};
		C70A57C920DECA4E00CC8A77 /* PerformanceTests.app */ = {
			isa = PBXReferenceProxy;
			fileType = wrapper.application;
			name = PerformanceTests.app;
			path = Microoptimizations.app;
			remoteRef = C70A57C820DECA4E00CC8A77 /* PBXContainerItemProxy */;
			sourceTree = BUILT_PRODUCTS_DIR;
		};
		C70A57CB20DECA4E00CC8A77 /* Benchmarks.xctest */ = {
			isa = PBXReferenceProxy;
			fileType = wrapper.cfbundle;
			path = Benchmarks.xctest;
			remoteRef = C70A57CA20DECA4E00CC8A77 /* PBXContainerItemProxy */;
			sourceTree = BUILT_PRODUCTS_DIR;
		};
		C70A57D220DECA4E00CC8A77 /* RxGesture.framework */ = {
			isa = PBXReferenceProxy;
			fileType = wrapper.framework;
			path = RxGesture.framework;
			remoteRef = C70A57D120DECA4E00CC8A77 /* PBXContainerItemProxy */;
			sourceTree = BUILT_PRODUCTS_DIR;
		};
		C70A57D420DECA4E00CC8A77 /* RxGesture.framework */ = {
			isa = PBXReferenceProxy;
			fileType = wrapper.framework;
			path = RxGesture.framework;
			remoteRef = C70A57D320DECA4E00CC8A77 /* PBXContainerItemProxy */;
			sourceTree = BUILT_PRODUCTS_DIR;
		};
		C70A57E020DECA4F00CC8A77 /* RxSwiftExt.framework */ = {
			isa = PBXReferenceProxy;
			fileType = wrapper.framework;
			path = RxSwiftExt.framework;
			remoteRef = C70A57DF20DECA4F00CC8A77 /* PBXContainerItemProxy */;
			sourceTree = BUILT_PRODUCTS_DIR;
		};
		C70A57E220DECA4F00CC8A77 /* RxSwiftExt.framework */ = {
			isa = PBXReferenceProxy;
			fileType = wrapper.framework;
			path = RxSwiftExt.framework;
			remoteRef = C70A57E120DECA4F00CC8A77 /* PBXContainerItemProxy */;
			sourceTree = BUILT_PRODUCTS_DIR;
		};
		C70A57E420DECA4F00CC8A77 /* RxSwiftExt.framework */ = {
			isa = PBXReferenceProxy;
			fileType = wrapper.framework;
			path = RxSwiftExt.framework;
			remoteRef = C70A57E320DECA4F00CC8A77 /* PBXContainerItemProxy */;
			sourceTree = BUILT_PRODUCTS_DIR;
		};
		C70A57E620DECA4F00CC8A77 /* RxSwiftExtTests-iOS.xctest */ = {
			isa = PBXReferenceProxy;
			fileType = wrapper.cfbundle;
			path = "RxSwiftExtTests-iOS.xctest";
			remoteRef = C70A57E520DECA4F00CC8A77 /* PBXContainerItemProxy */;
			sourceTree = BUILT_PRODUCTS_DIR;
		};
		C70A57E820DECA4F00CC8A77 /* RxSwiftExtTests-macOS.xctest */ = {
			isa = PBXReferenceProxy;
			fileType = wrapper.cfbundle;
			path = "RxSwiftExtTests-macOS.xctest";
			remoteRef = C70A57E720DECA4F00CC8A77 /* PBXContainerItemProxy */;
			sourceTree = BUILT_PRODUCTS_DIR;
		};
		C70A57EA20DECA4F00CC8A77 /* RxSwiftTests.xctest */ = {
			isa = PBXReferenceProxy;
			fileType = wrapper.cfbundle;
			path = RxSwiftTests.xctest;
			remoteRef = C70A57E920DECA4F00CC8A77 /* PBXContainerItemProxy */;
			sourceTree = BUILT_PRODUCTS_DIR;
		};
		C70A57F620DECA4F00CC8A77 /* RxDataSources.framework */ = {
			isa = PBXReferenceProxy;
			fileType = wrapper.framework;
			path = RxDataSources.framework;
			remoteRef = C70A57F520DECA4F00CC8A77 /* PBXContainerItemProxy */;
			sourceTree = BUILT_PRODUCTS_DIR;
		};
		C70A57F820DECA4F00CC8A77 /* Differentiator.framework */ = {
			isa = PBXReferenceProxy;
			fileType = wrapper.framework;
			path = Differentiator.framework;
			remoteRef = C70A57F720DECA4F00CC8A77 /* PBXContainerItemProxy */;
			sourceTree = BUILT_PRODUCTS_DIR;
		};
		C70A57FA20DECA4F00CC8A77 /* Example.app */ = {
			isa = PBXReferenceProxy;
			fileType = wrapper.application;
			path = Example.app;
			remoteRef = C70A57F920DECA4F00CC8A77 /* PBXContainerItemProxy */;
			sourceTree = BUILT_PRODUCTS_DIR;
		};
		C70A57FC20DECA4F00CC8A77 /* ExampleUITests.xctest */ = {
			isa = PBXReferenceProxy;
			fileType = wrapper.cfbundle;
			path = ExampleUITests.xctest;
			remoteRef = C70A57FB20DECA4F00CC8A77 /* PBXContainerItemProxy */;
			sourceTree = BUILT_PRODUCTS_DIR;
		};
		C70A57FE20DECA4F00CC8A77 /* Tests.xctest */ = {
			isa = PBXReferenceProxy;
			fileType = wrapper.cfbundle;
			path = Tests.xctest;
			remoteRef = C70A57FD20DECA4F00CC8A77 /* PBXContainerItemProxy */;
			sourceTree = BUILT_PRODUCTS_DIR;
		};
/* End PBXReferenceProxy section */

/* Begin PBXResourcesBuildPhase section */
		C77C476120D4FCD600B066DE /* Resources */ = {
			isa = PBXResourcesBuildPhase;
			buildActionMask = 2147483647;
			files = (
				C77C477120D4FCDF00B066DE /* LaunchScreen.storyboard in Resources */,
				C77C476E20D4FCDF00B066DE /* Assets.xcassets in Resources */,
				C77C477B20D4FE5A00B066DE /* Cartfile in Resources */,
				C7F2E76620DEFEAA00241E38 /* nasa-logo.png in Resources */,
				C7F1E28620D5DEC80020B39E /* Cartfile.resolved in Resources */,
				C77C476C20D4FCD600B066DE /* Main.storyboard in Resources */,
			);
			runOnlyForDeploymentPostprocessing = 0;
		};
/* End PBXResourcesBuildPhase section */

/* Begin PBXSourcesBuildPhase section */
		C77C475F20D4FCD600B066DE /* Sources */ = {
			isa = PBXSourcesBuildPhase;
			buildActionMask = 2147483647;
			files = (
				C7F2E75E20DEFEAA00241E38 /* CategoriesViewController.swift in Sources */,
				C7F2E76020DEFEAA00241E38 /* EventsViewController.swift in Sources */,
				C7F2E75F20DEFEAA00241E38 /* EventCell.swift in Sources */,
				C7F2E76520DEFEAA00241E38 /* EONET.swift in Sources */,
				C7F2E76120DEFEAA00241E38 /* EOLocation.swift in Sources */,
				C7F2E76220DEFEAA00241E38 /* EOError.swift in Sources */,
				C7F2E76420DEFEAA00241E38 /* EOCategory.swift in Sources */,
				C7F2E76320DEFEAA00241E38 /* EOEvent.swift in Sources */,
				C77C476720D4FCD600B066DE /* AppDelegate.swift in Sources */,
			);
			runOnlyForDeploymentPostprocessing = 0;
		};
/* End PBXSourcesBuildPhase section */

/* Begin PBXVariantGroup section */
		C77C476A20D4FCD600B066DE /* Main.storyboard */ = {
			isa = PBXVariantGroup;
			children = (
				C77C476B20D4FCD600B066DE /* Base */,
			);
			name = Main.storyboard;
			sourceTree = "<group>";
		};
		C77C476F20D4FCDF00B066DE /* LaunchScreen.storyboard */ = {
			isa = PBXVariantGroup;
			children = (
				C77C477020D4FCDF00B066DE /* Base */,
			);
			name = LaunchScreen.storyboard;
			sourceTree = "<group>";
		};
/* End PBXVariantGroup section */

/* Begin XCBuildConfiguration section */
		C77C477320D4FCDF00B066DE /* Debug */ = {
			isa = XCBuildConfiguration;
			buildSettings = {
				ALWAYS_SEARCH_USER_PATHS = NO;
				CLANG_ANALYZER_NONNULL = YES;
				CLANG_ANALYZER_NUMBER_OBJECT_CONVERSION = YES_AGGRESSIVE;
				CLANG_CXX_LANGUAGE_STANDARD = "gnu++14";
				CLANG_CXX_LIBRARY = "libc++";
				CLANG_ENABLE_MODULES = YES;
				CLANG_ENABLE_OBJC_ARC = YES;
				CLANG_ENABLE_OBJC_WEAK = YES;
				CLANG_WARN_BLOCK_CAPTURE_AUTORELEASING = YES;
				CLANG_WARN_BOOL_CONVERSION = YES;
				CLANG_WARN_COMMA = YES;
				CLANG_WARN_CONSTANT_CONVERSION = YES;
				CLANG_WARN_DEPRECATED_OBJC_IMPLEMENTATIONS = YES;
				CLANG_WARN_DIRECT_OBJC_ISA_USAGE = YES_ERROR;
				CLANG_WARN_DOCUMENTATION_COMMENTS = YES;
				CLANG_WARN_EMPTY_BODY = YES;
				CLANG_WARN_ENUM_CONVERSION = YES;
				CLANG_WARN_INFINITE_RECURSION = YES;
				CLANG_WARN_INT_CONVERSION = YES;
				CLANG_WARN_NON_LITERAL_NULL_CONVERSION = YES;
				CLANG_WARN_OBJC_IMPLICIT_RETAIN_SELF = YES;
				CLANG_WARN_OBJC_LITERAL_CONVERSION = YES;
				CLANG_WARN_OBJC_ROOT_CLASS = YES_ERROR;
				CLANG_WARN_RANGE_LOOP_ANALYSIS = YES;
				CLANG_WARN_STRICT_PROTOTYPES = YES;
				CLANG_WARN_SUSPICIOUS_MOVE = YES;
				CLANG_WARN_UNGUARDED_AVAILABILITY = YES_AGGRESSIVE;
				CLANG_WARN_UNREACHABLE_CODE = YES;
				CLANG_WARN__DUPLICATE_METHOD_MATCH = YES;
				CODE_SIGN_IDENTITY = "iPhone Developer";
				COPY_PHASE_STRIP = NO;
				DEBUG_INFORMATION_FORMAT = dwarf;
				ENABLE_STRICT_OBJC_MSGSEND = YES;
				ENABLE_TESTABILITY = YES;
				GCC_C_LANGUAGE_STANDARD = gnu11;
				GCC_DYNAMIC_NO_PIC = NO;
				GCC_NO_COMMON_BLOCKS = YES;
				GCC_OPTIMIZATION_LEVEL = 0;
				GCC_PREPROCESSOR_DEFINITIONS = (
					"DEBUG=1",
					"$(inherited)",
				);
				GCC_WARN_64_TO_32_BIT_CONVERSION = YES;
				GCC_WARN_ABOUT_RETURN_TYPE = YES_ERROR;
				GCC_WARN_UNDECLARED_SELECTOR = YES;
				GCC_WARN_UNINITIALIZED_AUTOS = YES_AGGRESSIVE;
				GCC_WARN_UNUSED_FUNCTION = YES;
				GCC_WARN_UNUSED_VARIABLE = YES;
				IPHONEOS_DEPLOYMENT_TARGET = 11.4;
				MTL_ENABLE_DEBUG_INFO = YES;
				ONLY_ACTIVE_ARCH = YES;
				SDKROOT = iphoneos;
				SWIFT_ACTIVE_COMPILATION_CONDITIONS = DEBUG;
				SWIFT_OPTIMIZATION_LEVEL = "-Onone";
			};
			name = Debug;
		};
		C77C477420D4FCDF00B066DE /* Release */ = {
			isa = XCBuildConfiguration;
			buildSettings = {
				ALWAYS_SEARCH_USER_PATHS = NO;
				CLANG_ANALYZER_NONNULL = YES;
				CLANG_ANALYZER_NUMBER_OBJECT_CONVERSION = YES_AGGRESSIVE;
				CLANG_CXX_LANGUAGE_STANDARD = "gnu++14";
				CLANG_CXX_LIBRARY = "libc++";
				CLANG_ENABLE_MODULES = YES;
				CLANG_ENABLE_OBJC_ARC = YES;
				CLANG_ENABLE_OBJC_WEAK = YES;
				CLANG_WARN_BLOCK_CAPTURE_AUTORELEASING = YES;
				CLANG_WARN_BOOL_CONVERSION = YES;
				CLANG_WARN_COMMA = YES;
				CLANG_WARN_CONSTANT_CONVERSION = YES;
				CLANG_WARN_DEPRECATED_OBJC_IMPLEMENTATIONS = YES;
				CLANG_WARN_DIRECT_OBJC_ISA_USAGE = YES_ERROR;
				CLANG_WARN_DOCUMENTATION_COMMENTS = YES;
				CLANG_WARN_EMPTY_BODY = YES;
				CLANG_WARN_ENUM_CONVERSION = YES;
				CLANG_WARN_INFINITE_RECURSION = YES;
				CLANG_WARN_INT_CONVERSION = YES;
				CLANG_WARN_NON_LITERAL_NULL_CONVERSION = YES;
				CLANG_WARN_OBJC_IMPLICIT_RETAIN_SELF = YES;
				CLANG_WARN_OBJC_LITERAL_CONVERSION = YES;
				CLANG_WARN_OBJC_ROOT_CLASS = YES_ERROR;
				CLANG_WARN_RANGE_LOOP_ANALYSIS = YES;
				CLANG_WARN_STRICT_PROTOTYPES = YES;
				CLANG_WARN_SUSPICIOUS_MOVE = YES;
				CLANG_WARN_UNGUARDED_AVAILABILITY = YES_AGGRESSIVE;
				CLANG_WARN_UNREACHABLE_CODE = YES;
				CLANG_WARN__DUPLICATE_METHOD_MATCH = YES;
				CODE_SIGN_IDENTITY = "iPhone Developer";
				COPY_PHASE_STRIP = NO;
				DEBUG_INFORMATION_FORMAT = "dwarf-with-dsym";
				ENABLE_NS_ASSERTIONS = NO;
				ENABLE_STRICT_OBJC_MSGSEND = YES;
				GCC_C_LANGUAGE_STANDARD = gnu11;
				GCC_NO_COMMON_BLOCKS = YES;
				GCC_WARN_64_TO_32_BIT_CONVERSION = YES;
				GCC_WARN_ABOUT_RETURN_TYPE = YES_ERROR;
				GCC_WARN_UNDECLARED_SELECTOR = YES;
				GCC_WARN_UNINITIALIZED_AUTOS = YES_AGGRESSIVE;
				GCC_WARN_UNUSED_FUNCTION = YES;
				GCC_WARN_UNUSED_VARIABLE = YES;
				IPHONEOS_DEPLOYMENT_TARGET = 11.4;
				MTL_ENABLE_DEBUG_INFO = NO;
				SDKROOT = iphoneos;
				SWIFT_COMPILATION_MODE = wholemodule;
				SWIFT_OPTIMIZATION_LEVEL = "-O";
				VALIDATE_PRODUCT = YES;
			};
			name = Release;
		};
		C77C477620D4FCDF00B066DE /* Debug */ = {
			isa = XCBuildConfiguration;
			buildSettings = {
				ASSETCATALOG_COMPILER_APPICON_NAME = AppIcon;
				CODE_SIGN_STYLE = Automatic;
				DEVELOPMENT_TEAM = FDAK5XPRG7;
				FRAMEWORK_SEARCH_PATHS = (
					"$(inherited)",
					"$(PROJECT_DIR)/Dependencies",
				);
				INFOPLIST_FILE = "$(SRCROOT)/RxSwiftByExample/Supporting Files/Info.plist";
				LD_RUNPATH_SEARCH_PATHS = (
					"$(inherited)",
					"@executable_path/Frameworks",
				);
				PRODUCT_BUNDLE_IDENTIFIER = "com.geo-games.RxSwiftByExample";
				PRODUCT_NAME = "$(TARGET_NAME)";
				SWIFT_OPTIMIZATION_LEVEL = "-Onone";
				SWIFT_VERSION = 4.0;
				TARGETED_DEVICE_FAMILY = "1,2";
			};
			name = Debug;
		};
		C77C477720D4FCDF00B066DE /* Release */ = {
			isa = XCBuildConfiguration;
			buildSettings = {
				ASSETCATALOG_COMPILER_APPICON_NAME = AppIcon;
				CODE_SIGN_STYLE = Automatic;
				DEVELOPMENT_TEAM = FDAK5XPRG7;
				FRAMEWORK_SEARCH_PATHS = (
					"$(inherited)",
					"$(PROJECT_DIR)/Dependencies",
				);
				INFOPLIST_FILE = "$(SRCROOT)/RxSwiftByExample/Supporting Files/Info.plist";
				LD_RUNPATH_SEARCH_PATHS = (
					"$(inherited)",
					"@executable_path/Frameworks",
				);
				PRODUCT_BUNDLE_IDENTIFIER = "com.geo-games.RxSwiftByExample";
				PRODUCT_NAME = "$(TARGET_NAME)";
				SWIFT_OPTIMIZATION_LEVEL = "-Onone";
				SWIFT_VERSION = 4.0;
				TARGETED_DEVICE_FAMILY = "1,2";
			};
			name = Release;
		};
/* End XCBuildConfiguration section */

/* Begin XCConfigurationList section */
		C77C475E20D4FCD600B066DE /* Build configuration list for PBXProject "RxSwiftByExample" */ = {
			isa = XCConfigurationList;
			buildConfigurations = (
				C77C477320D4FCDF00B066DE /* Debug */,
				C77C477420D4FCDF00B066DE /* Release */,
			);
			defaultConfigurationIsVisible = 0;
			defaultConfigurationName = Release;
		};
		C77C477520D4FCDF00B066DE /* Build configuration list for PBXNativeTarget "RxSwiftByExample" */ = {
			isa = XCConfigurationList;
			buildConfigurations = (
				C77C477620D4FCDF00B066DE /* Debug */,
				C77C477720D4FCDF00B066DE /* Release */,
			);
			defaultConfigurationIsVisible = 0;
			defaultConfigurationName = Release;
		};
/* End XCConfigurationList section */
	};
	rootObject = C77C475B20D4FCD600B066DE /* Project object */;
}
